{
  "name": "landing_1",
  "lockfileVersion": 2,
  "requires": true,
  "packages": {
    "": {
      "dependencies": {
        "bash": "^0.0.1",
        "jquery": "^3.6.0"
      }
    },
    "node_modules/bash": {
      "version": "0.0.1",
      "resolved": "https://registry.npmjs.org/bash/-/bash-0.0.1.tgz",
      "integrity": "sha1-nuDnp1K8Xu8Wi8SHGVVqdFSKrgw=",
      "engines": {
        "node": "*"
      }
    },
    "node_modules/jquery": {
      "version": "3.6.0",
      "resolved": "https://registry.npmjs.org/jquery/-/jquery-3.6.0.tgz",
      "integrity": "sha512-JVzAR/AjBvVt2BmYhxRCSYysDsPcssdmTFnzyLEts9qNwmjmu4JTAMYubEfwVOSwpQ1I1sKKFcxhZCI2buerfw=="
    }
  },
  "dependencies": {
    "bash": {
      "version": "0.0.1",
      "resolved": "https://registry.npmjs.org/bash/-/bash-0.0.1.tgz",
      "integrity": "sha1-nuDnp1K8Xu8Wi8SHGVVqdFSKrgw="
    },
    "jquery": {
      "version": "3.6.0",
      "resolved": "https://registry.npmjs.org/jquery/-/jquery-3.6.0.tgz",
      "integrity": "sha512-JVzAR/AjBvVt2BmYhxRCSYysDsPcssdmTFnzyLEts9qNwmjmu4JTAMYubEfwVOSwpQ1I1sKKFcxhZCI2buerfw=="
    }
  }
}
